PODS:
  - MaterialComponents/AnimationTiming (113.1.0)
  - MaterialComponents/Availability (113.1.0)
  - MaterialComponents/Buttons (113.1.0):
    - MaterialComponents/Elevation
    - MaterialComponents/Ink
    - MaterialComponents/private/Math
    - MaterialComponents/Ripple
    - MaterialComponents/ShadowElevations
    - MaterialComponents/ShadowLayer
    - MaterialComponents/ShapeLibrary
    - MaterialComponents/Shapes
    - MaterialComponents/Typography
    - MDFInternationalization
    - MDFTextAccessibility
  - MaterialComponents/Elevation (113.1.0):
    - MaterialComponents/Availability
    - MaterialComponents/private/Color
    - MaterialComponents/private/Math
  - MaterialComponents/Ink (113.1.0):
    - MaterialComponents/Availability
    - MaterialComponents/private/Color
    - MaterialComponents/private/Math
  - MaterialComponents/Palettes (113.1.0)
  - MaterialComponents/private/Application (113.1.0)
  - MaterialComponents/private/Color (113.1.0):
    - MaterialComponents/Availability
  - MaterialComponents/private/Math (113.1.0)
  - MaterialComponents/Ripple (113.1.0):
    - MaterialComponents/AnimationTiming
    - MaterialComponents/Availability
    - MaterialComponents/private/Color
    - MaterialComponents/private/Math
  - MaterialComponents/ShadowElevations (113.1.0)
  - MaterialComponents/ShadowLayer (113.1.0):
    - MaterialComponents/ShadowElevations
  - MaterialComponents/ShapeLibrary (113.1.0):
    - MaterialComponents/private/Math
    - MaterialComponents/Shapes
  - MaterialComponents/Shapes (113.1.0):
    - MaterialComponents/private/Color
    - MaterialComponents/private/Math
    - MaterialComponents/ShadowLayer
  - MaterialComponents/TextFields (113.1.0):
    - MaterialComponents/AnimationTiming
    - MaterialComponents/Buttons
    - MaterialComponents/Elevation
    - MaterialComponents/Palettes
    - MaterialComponents/private/Math
    - MaterialComponents/Typography
    - MDFInternationalization
  - MaterialComponents/Typography (113.1.0):
    - MaterialComponents/private/Application
    - MaterialComponents/private/Math
    - MDFTextAccessibility
  - MDFInternationalization (2.0.0)
  - MDFTextAccessibility (2.0.0)
  - SkyFloatingLabelTextField (3.8.0)
  - SnapKit (5.0.1)

DEPENDENCIES:
  - MaterialComponents/TextFields
  - SkyFloatingLabelTextField (~> 3.0)
  - SnapKit (~> 5.0.0)

SPEC REPOS:
  trunk:
    - MaterialComponents
    - MDFInternationalization
    - MDFTextAccessibility
    - SkyFloatingLabelTextField
    - SnapKit

SPEC CHECKSUMS:
  MaterialComponents: 2dd68a6e240ec31c37a4559f176b7bcfe31ef92c
  MDFInternationalization: 010097556d6b09d2c4ea38e0820ea6d37be6a314
  MDFTextAccessibility: 85c09a1bd9c321f494348e632a25063bcda35a53
  SkyFloatingLabelTextField: 5a338412114808e961fe2d14ea2c5452c8b6e4aa
  SnapKit: 97b92857e3df3a0c71833cce143274bf6ef8e5eb

PODFILE CHECKSUM: 5157cf1f4451603a2003dc71a43654dabc78ce07

COCOAPODS: 1.9.3
